
Microsoft Visual Studio Solution File, Format Version 12.00
# Visual Studio Version 17
VisualStudioVersion = 17.3.32929.385
MinimumVisualStudioVersion = 10.0.40219.1
Project("{FAE04EC0-301F-11D3-BF4B-00C04F79EFBC}") = "PratkaKesliCalculateLetterGrade", "PratkaKesliCalculateLetterGrade\PratkaKesliCalculateLetterGrade.csproj", "{F2013DEB-1FA0-4CF8-86EF-5A95C28E5979}"
EndProject
Global
	GlobalSection(SolutionConfigurationPlatforms) = preSolution
		Debug|Any CPU = Debug|Any CPU
		Release|Any CPU = Release|Any CPU
	EndGlobalSection
	GlobalSection(ProjectConfigurationPlatforms) = postSolution
		{F2013DEB-1FA0-4CF8-86EF-5A95C28E5979}.Debug|Any CPU.ActiveCfg = Debug|Any CPU
		{F2013DEB-1FA0-4CF8-86EF-5A95C28E5979}.Debug|Any CPU.Build.0 = Debug|Any CPU
		{F2013DEB-1FA0-4CF8-86EF-5A95C28E5979}.Release|Any CPU.ActiveCfg = Release|Any CPU
		{F2013DEB-1FA0-4CF8-86EF-5A95C28E5979}.Release|Any CPU.Build.0 = Release|Any CPU
	EndGlobalSection
	GlobalSection(SolutionProperties) = preSolution
		HideSolutionNode = FALSE
	EndGlobalSection
	GlobalSection(ExtensibilityGlobals) = postSolution
		SolutionGuid = {A94EBBFE-5D0C-4A46-8C59-7257B59FFB7C}
	EndGlobalSection
EndGlobal
